
Microsoft Visual Studio Solution File, Format Version 12.00
# Visual Studio Version 17
VisualStudioVersion = 17.9.34728.123
MinimumVisualStudioVersion = 10.0.40219.1
Project("{FAE04EC0-301F-11D3-BF4B-00C04F79EFBC}") = "FrequencyDictionary_Forms", "FrequencyDictionary_Forms\FrequencyDictionary_Forms.csproj", "{F4DFC9F8-9F1A-40CC-83A7-AC0C4582ACA3}"
EndProject
Global
	GlobalSection(SolutionConfigurationPlatforms) = preSolution
		Debug|Any CPU = Debug|Any CPU
		Release|Any CPU = Release|Any CPU
	EndGlobalSection
	GlobalSection(ProjectConfigurationPlatforms) = postSolution
		{F4DFC9F8-9F1A-40CC-83A7-AC0C4582ACA3}.Debug|Any CPU.ActiveCfg = Debug|Any CPU
		{F4DFC9F8-9F1A-40CC-83A7-AC0C4582ACA3}.Debug|Any CPU.Build.0 = Debug|Any CPU
		{F4DFC9F8-9F1A-40CC-83A7-AC0C4582ACA3}.Release|Any CPU.ActiveCfg = Release|Any CPU
		{F4DFC9F8-9F1A-40CC-83A7-AC0C4582ACA3}.Release|Any CPU.Build.0 = Release|Any CPU
	EndGlobalSection
	GlobalSection(SolutionProperties) = preSolution
		HideSolutionNode = FALSE
	EndGlobalSection
	GlobalSection(ExtensibilityGlobals) = postSolution
		SolutionGuid = {A00CAB10-6D77-4897-AE9D-9146B908567E}
	EndGlobalSection
EndGlobal
